
Microsoft Visual Studio Solution File, Format Version 12.00
# Visual Studio Version 17
VisualStudioVersion = 17.5.33516.290
MinimumVisualStudioVersion = 10.0.40219.1
Project("{FAE04EC0-301F-11D3-BF4B-00C04F79EFBC}") = "Education-Software", "Education-Software\Education-Software.csproj", "{6C312E23-FC26-47C2-BC7B-9F6974F79D82}"
EndProject
Global
	GlobalSection(SolutionConfigurationPlatforms) = preSolution
		Debug|Any CPU = Debug|Any CPU
		Release|Any CPU = Release|Any CPU
	EndGlobalSection
	GlobalSection(ProjectConfigurationPlatforms) = postSolution
		{6C312E23-FC26-47C2-BC7B-9F6974F79D82}.Debug|Any CPU.ActiveCfg = Debug|Any CPU
		{6C312E23-FC26-47C2-BC7B-9F6974F79D82}.Debug|Any CPU.Build.0 = Debug|Any CPU
		{6C312E23-FC26-47C2-BC7B-9F6974F79D82}.Release|Any CPU.ActiveCfg = Release|Any CPU
		{6C312E23-FC26-47C2-BC7B-9F6974F79D82}.Release|Any CPU.Build.0 = Release|Any CPU
	EndGlobalSection
	GlobalSection(SolutionProperties) = preSolution
		HideSolutionNode = FALSE
	EndGlobalSection
	GlobalSection(ExtensibilityGlobals) = postSolution
		SolutionGuid = {44A4FF65-25A0-4995-B378-12A73C5D5007}
	EndGlobalSection
EndGlobal
